// !$*UTF8*$!
{
	archiveVersion = 1;
	classes = {
	};
	objectVersion = 56;
	objects = {

/* Begin PBXBuildFile section */
		ADA34B6A2BA9328100C1D015 /* textTuneApp.swift in Sources */ = {isa = PBXBuildFile; fileRef = ADA34B692BA9328100C1D015 /* textTuneApp.swift */; };
		ADA34B6C2BA9328100C1D015 /* ContentView.swift in Sources */ = {isa = PBXBuildFile; fileRef = ADA34B6B2BA9328100C1D015 /* ContentView.swift */; };
		ADA34B6E2BA9328300C1D015 /* Assets.xcassets in Resources */ = {isa = PBXBuildFile; fileRef = ADA34B6D2BA9328300C1D015 /* Assets.xcassets */; };
		ADA34B712BA9328300C1D015 /* Preview Assets.xcassets in Resources */ = {isa = PBXBuildFile; fileRef = ADA34B702BA9328300C1D015 /* Preview Assets.xcassets */; };
		ADA34B7B2BA9328300C1D015 /* textTuneTests.swift in Sources */ = {isa = PBXBuildFile; fileRef = ADA34B7A2BA9328300C1D015 /* textTuneTests.swift */; };
		ADA34B852BA9328300C1D015 /* textTuneUITests.swift in Sources */ = {isa = PBXBuildFile; fileRef = ADA34B842BA9328300C1D015 /* textTuneUITests.swift */; };
		ADA34B872BA9328300C1D015 /* textTuneUITestsLaunchTests.swift in Sources */ = {isa = PBXBuildFile; fileRef = ADA34B862BA9328300C1D015 /* textTuneUITestsLaunchTests.swift */; };
/* End PBXBuildFile section */

/* Begin PBXContainerItemProxy section */
		ADA34B772BA9328300C1D015 /* PBXContainerItemProxy */ = {
			isa = PBXContainerItemProxy;
			containerPortal = ADA34B5E2BA9328100C1D015 /* Project object */;
			proxyType = 1;
			remoteGlobalIDString = ADA34B652BA9328100C1D015;
			remoteInfo = textTune;
		};
		ADA34B812BA9328300C1D015 /* PBXContainerItemProxy */ = {
			isa = PBXContainerItemProxy;
			containerPortal = ADA34B5E2BA9328100C1D015 /* Project object */;
			proxyType = 1;
			remoteGlobalIDString = ADA34B652BA9328100C1D015;
			remoteInfo = textTune;
		};
/* End PBXContainerItemProxy section */

/* Begin PBXFileReference section */
		ADA34B662BA9328100C1D015 /* textTune.app */ = {isa = PBXFileReference; explicitFileType = wrapper.application; includeInIndex = 0; path = textTune.app; sourceTree = BUILT_PRODUCTS_DIR; };
		ADA34B692BA9328100C1D015 /* textTuneApp.swift */ = {isa = PBXFileReference; lastKnownFileType = sourcecode.swift; path = textTuneApp.swift; sourceTree = "<group>"; };
		ADA34B6B2BA9328100C1D015 /* ContentView.swift */ = {isa = PBXFileReference; lastKnownFileType = sourcecode.swift; path = ContentView.swift; sourceTree = "<group>"; };
		ADA34B6D2BA9328300C1D015 /* Assets.xcassets */ = {isa = PBXFileReference; lastKnownFileType = folder.assetcatalog; path = Assets.xcassets; sourceTree = "<group>"; };
		ADA34B702BA9328300C1D015 /* Preview Assets.xcassets */ = {isa = PBXFileReference; lastKnownFileType = folder.assetcatalog; path = "Preview Assets.xcassets"; sourceTree = "<group>"; };
		ADA34B762BA9328300C1D015 /* textTuneTests.xctest */ = {isa = PBXFileReference; explicitFileType = wrapper.cfbundle; includeInIndex = 0; path = textTuneTests.xctest; sourceTree = BUILT_PRODUCTS_DIR; };
		ADA34B7A2BA9328300C1D015 /* textTuneTests.swift */ = {isa = PBXFileReference; lastKnownFileType = sourcecode.swift; path = textTuneTests.swift; sourceTree = "<group>"; };
		ADA34B802BA9328300C1D015 /* textTuneUITests.xctest */ = {isa = PBXFileReference; explicitFileType = wrapper.cfbundle; includeInIndex = 0; path = textTuneUITests.xctest; sourceTree = BUILT_PRODUCTS_DIR; };
		ADA34B842BA9328300C1D015 /* textTuneUITests.swift */ = {isa = PBXFileReference; lastKnownFileType = sourcecode.swift; path = textTuneUITests.swift; sourceTree = "<group>"; };
		ADA34B862BA9328300C1D015 /* textTuneUITestsLaunchTests.swift */ = {isa = PBXFileReference; lastKnownFileType = sourcecode.swift; path = textTuneUITestsLaunchTests.swift; sourceTree = "<group>"; };
/* End PBXFileReference section */

/* Begin PBXFrameworksBuildPhase section */
		ADA34B632BA9328100C1D015 /* Frameworks */ = {
			isa = PBXFrameworksBuildPhase;
			buildActionMask = 2147483647;
			files = (
			);
			runOnlyForDeploymentPostprocessing = 0;
		};
		ADA34B732BA9328300C1D015 /* Frameworks */ = {
			isa = PBXFrameworksBuildPhase;
			buildActionMask = 2147483647;
			files = (
			);
			runOnlyForDeploymentPostprocessing = 0;
		};
		ADA34B7D2BA9328300C1D015 /* Frameworks */ = {
			isa = PBXFrameworksBuildPhase;
			buildActionMask = 2147483647;
			files = (
			);
			runOnlyForDeploymentPostprocessing = 0;
		};
/* End PBXFrameworksBuildPhase section */

/* Begin PBXGroup section */
		ADA34B5D2BA9328100C1D015 = {
			isa = PBXGroup;
			children = (
				ADA34B682BA9328100C1D015 /* textTune */,
				ADA34B792BA9328300C1D015 /* textTuneTests */,
				ADA34B832BA9328300C1D015 /* textTuneUITests */,
				ADA34B672BA9328100C1D015 /* Products */,
			);
			sourceTree = "<group>";
		};
		ADA34B672BA9328100C1D015 /* Products */ = {
			isa = PBXGroup;
			children = (
				ADA34B662BA9328100C1D015 /* textTune.app */,
				ADA34B762BA9328300C1D015 /* textTuneTests.xctest */,
				ADA34B802BA9328300C1D015 /* textTuneUITests.xctest */,
			);
			name = Products;
			sourceTree = "<group>";
		};
		ADA34B682BA9328100C1D015 /* textTune */ = {
			isa = PBXGroup;
			children = (
				ADA34B692BA9328100C1D015 /* textTuneApp.swift */,
				ADA34B6B2BA9328100C1D015 /* ContentView.swift */,
				ADA34B6D2BA9328300C1D015 /* Assets.xcassets */,
				ADA34B6F2BA9328300C1D015 /* Preview Content */,
			);
			path = textTune;
			sourceTree = "<group>";
		};
		ADA34B6F2BA9328300C1D015 /* Preview Content */ = {
			isa = PBXGroup;
			children = (
				ADA34B702BA9328300C1D015 /* Preview Assets.xcassets */,
			);
			path = "Preview Content";
			sourceTree = "<group>";
		};
		ADA34B792BA9328300C1D015 /* textTuneTests */ = {
			isa = PBXGroup;
			children = (
				ADA34B7A2BA9328300C1D015 /* textTuneTests.swift */,
			);
			path = textTuneTests;
			sourceTree = "<group>";
		};
		ADA34B832BA9328300C1D015 /* textTuneUITests */ = {
			isa = PBXGroup;
			children = (
				ADA34B842BA9328300C1D015 /* textTuneUITests.swift */,
				ADA34B862BA9328300C1D015 /* textTuneUITestsLaunchTests.swift */,
			);
			path = textTuneUITests;
			sourceTree = "<group>";
		};
/* End PBXGroup section */

/* Begin PBXNativeTarget section */
		ADA34B652BA9328100C1D015 /* textTune */ = {
			isa = PBXNativeTarget;
			buildConfigurationList = ADA34B8A2BA9328300C1D015 /* Build configuration list for PBXNativeTarget "textTune" */;
			buildPhases = (
				ADA34B622BA9328100C1D015 /* Sources */,
				ADA34B632BA9328100C1D015 /* Frameworks */,
				ADA34B642BA9328100C1D015 /* Resources */,
			);
			buildRules = (
			);
			dependencies = (
			);
			name = textTune;
			productName = textTune;
			productReference = ADA34B662BA9328100C1D015 /* textTune.app */;
			productType = "com.apple.product-type.application";
		};
		ADA34B752BA9328300C1D015 /* textTuneTests */ = {
			isa = PBXNativeTarget;
			buildConfigurationList = ADA34B8D2BA9328300C1D015 /* Build configuration list for PBXNativeTarget "textTuneTests" */;
			buildPhases = (
				ADA34B722BA9328300C1D015 /* Sources */,
				ADA34B732BA9328300C1D015 /* Frameworks */,
				ADA34B742BA9328300C1D015 /* Resources */,
			);
			buildRules = (
			);
			dependencies = (
				ADA34B782BA9328300C1D015 /* PBXTargetDependency */,
			);
			name = textTuneTests;
			productName = textTuneTests;
			productReference = ADA34B762BA9328300C1D015 /* textTuneTests.xctest */;
			productType = "com.apple.product-type.bundle.unit-test";
		};
		ADA34B7F2BA9328300C1D015 /* textTuneUITests */ = {
			isa = PBXNativeTarget;
			buildConfigurationList = ADA34B902BA9328300C1D015 /* Build configuration list for PBXNativeTarget "textTuneUITests" */;
			buildPhases = (
				ADA34B7C2BA9328300C1D015 /* Sources */,
				ADA34B7D2BA9328300C1D015 /* Frameworks */,
				ADA34B7E2BA9328300C1D015 /* Resources */,
			);
			buildRules = (
			);
			dependencies = (
				ADA34B822BA9328300C1D015 /* PBXTargetDependency */,
			);
			name = textTuneUITests;
			productName = textTuneUITests;
			productReference = ADA34B802BA9328300C1D015 /* textTuneUITests.xctest */;
			productType = "com.apple.product-type.bundle.ui-testing";
		};
/* End PBXNativeTarget section */

/* Begin PBXProject section */
		ADA34B5E2BA9328100C1D015 /* Project object */ = {
			isa = PBXProject;
			attributes = {
				BuildIndependentTargetsInParallel = 1;
				LastSwiftUpdateCheck = 1530;
				LastUpgradeCheck = 1530;
				TargetAttributes = {
					ADA34B652BA9328100C1D015 = {
						CreatedOnToolsVersion = 15.3;
					};
					ADA34B752BA9328300C1D015 = {
						CreatedOnToolsVersion = 15.3;
						TestTargetID = ADA34B652BA9328100C1D015;
					};
					ADA34B7F2BA9328300C1D015 = {
						CreatedOnToolsVersion = 15.3;
						TestTargetID = ADA34B652BA9328100C1D015;
					};
				};
			};
			buildConfigurationList = ADA34B612BA9328100C1D015 /* Build configuration list for PBXProject "textTune" */;
			compatibilityVersion = "Xcode 14.0";
			developmentRegion = en;
			hasScannedForEncodings = 0;
			knownRegions = (
				en,
				Base,
			);
			mainGroup = ADA34B5D2BA9328100C1D015;
			productRefGroup = ADA34B672BA9328100C1D015 /* Products */;
			projectDirPath = "";
			projectRoot = "";
			targets = (
				ADA34B652BA9328100C1D015 /* textTune */,
				ADA34B752BA9328300C1D015 /* textTuneTests */,
				ADA34B7F2BA9328300C1D015 /* textTuneUITests */,
			);
		};
/* End PBXProject section */

/* Begin PBXResourcesBuildPhase section */
		ADA34B642BA9328100C1D015 /* Resources */ = {
			isa = PBXResourcesBuildPhase;
			buildActionMask = 2147483647;
			files = (
				ADA34B712BA9328300C1D015 /* Preview Assets.xcassets in Resources */,
				ADA34B6E2BA9328300C1D015 /* Assets.xcassets in Resources */,
			);
			runOnlyForDeploymentPostprocessing = 0;
		};
		ADA34B742BA9328300C1D015 /* Resources */ = {
			isa = PBXResourcesBuildPhase;
			buildActionMask = 2147483647;
			files = (
			);
			runOnlyForDeploymentPostprocessing = 0;
		};
		ADA34B7E2BA9328300C1D015 /* Resources */ = {
			isa = PBXResourcesBuildPhase;
			buildActionMask = 2147483647;
			files = (
			);
			runOnlyForDeploymentPostprocessing = 0;
		};
/* End PBXResourcesBuildPhase section */

/* Begin PBXSourcesBuildPhase section */
		ADA34B622BA9328100C1D015 /* Sources */ = {
			isa = PBXSourcesBuildPhase;
			buildActionMask = 2147483647;
			files = (
				ADA34B6C2BA9328100C1D015 /* ContentView.swift in Sources */,
				ADA34B6A2BA9328100C1D015 /* textTuneApp.swift in Sources */,
			);
			runOnlyForDeploymentPostprocessing = 0;
		};
		ADA34B722BA9328300C1D015 /* Sources */ = {
			isa = PBXSourcesBuildPhase;
			buildActionMask = 2147483647;
			files = (
				ADA34B7B2BA9328300C1D015 /* textTuneTests.swift in Sources */,
			);
			runOnlyForDeploymentPostprocessing = 0;
		};
		ADA34B7C2BA9328300C1D015 /* Sources */ = {
			isa = PBXSourcesBuildPhase;
			buildActionMask = 2147483647;
			files = (
				ADA34B872BA9328300C1D015 /* textTuneUITestsLaunchTests.swift in Sources */,
				ADA34B852BA9328300C1D015 /* textTuneUITests.swift in Sources */,
			);
			runOnlyForDeploymentPostprocessing = 0;
		};
/* End PBXSourcesBuildPhase section */

/* Begin PBXTargetDependency section */
		ADA34B782BA9328300C1D015 /* PBXTargetDependency */ = {
			isa = PBXTargetDependency;
			target = ADA34B652BA9328100C1D015 /* textTune */;
			targetProxy = ADA34B772BA9328300C1D015 /* PBXContainerItemProxy */;
		};
		ADA34B822BA9328300C1D015 /* PBXTargetDependency */ = {
			isa = PBXTargetDependency;
			target = ADA34B652BA9328100C1D015 /* textTune */;
			targetProxy = ADA34B812BA9328300C1D015 /* PBXContainerItemProxy */;
		};
/* End PBXTargetDependency section */

/* Begin XCBuildConfiguration section */
		ADA34B882BA9328300C1D015 /* Debug */ = {
			isa = XCBuildConfiguration;
			buildSettings = {
				ALWAYS_SEARCH_USER_PATHS = NO;
				ASSETCATALOG_COMPILER_GENERATE_SWIFT_ASSET_SYMBOL_EXTENSIONS = YES;
				CLANG_ANALYZER_NONNULL = YES;
				CLANG_ANALYZER_NUMBER_OBJECT_CONVERSION = YES_AGGRESSIVE;
				CLANG_CXX_LANGUAGE_STANDARD = "gnu++20";
				CLANG_ENABLE_MODULES = YES;
				CLANG_ENABLE_OBJC_ARC = YES;
				CLANG_ENABLE_OBJC_WEAK = YES;
				CLANG_WARN_BLOCK_CAPTURE_AUTORELEASING = YES;
				CLANG_WARN_BOOL_CONVERSION = YES;
				CLANG_WARN_COMMA = YES;
				CLANG_WARN_CONSTANT_CONVERSION = YES;
				CLANG_WARN_DEPRECATED_OBJC_IMPLEMENTATIONS = YES;
				CLANG_WARN_DIRECT_OBJC_ISA_USAGE = YES_ERROR;
				CLANG_WARN_DOCUMENTATION_COMMENTS = YES;
				CLANG_WARN_EMPTY_BODY = YES;
				CLANG_WARN_ENUM_CONVERSION = YES;
				CLANG_WARN_INFINITE_RECURSION = YES;
				CLANG_WARN_INT_CONVERSION = YES;
				CLANG_WARN_NON_LITERAL_NULL_CONVERSION = YES;
				CLANG_WARN_OBJC_IMPLICIT_RETAIN_SELF = YES;
				CLANG_WARN_OBJC_LITERAL_CONVERSION = YES;
				CLANG_WARN_OBJC_ROOT_CLASS = YES_ERROR;
				CLANG_WARN_QUOTED_INCLUDE_IN_FRAMEWORK_HEADER = YES;
				CLANG_WARN_RANGE_LOOP_ANALYSIS = YES;
				CLANG_WARN_STRICT_PROTOTYPES = YES;
				CLANG_WARN_SUSPICIOUS_MOVE = YES;
				CLANG_WARN_UNGUARDED_AVAILABILITY = YES_AGGRESSIVE;
				CLANG_WARN_UNREACHABLE_CODE = YES;
				CLANG_WARN__DUPLICATE_METHOD_MATCH = YES;
				COPY_PHASE_STRIP = NO;
				DEBUG_INFORMATION_FORMAT = dwarf;
				ENABLE_STRICT_OBJC_MSGSEND = YES;
				ENABLE_TESTABILITY = YES;
				ENABLE_USER_SCRIPT_SANDBOXING = YES;
				GCC_C_LANGUAGE_STANDARD = gnu17;
				GCC_DYNAMIC_NO_PIC = NO;
				GCC_NO_COMMON_BLOCKS = YES;
				GCC_OPTIMIZATION_LEVEL = 0;
				GCC_PREPROCESSOR_DEFINITIONS = (
					"DEBUG=1",
					"$(inherited)",
				);
				GCC_WARN_64_TO_32_BIT_CONVERSION = YES;
				GCC_WARN_ABOUT_RETURN_TYPE = YES_ERROR;
				GCC_WARN_UNDECLARED_SELECTOR = YES;
				GCC_WARN_UNINITIALIZED_AUTOS = YES_AGGRESSIVE;
				GCC_WARN_UNUSED_FUNCTION = YES;
				GCC_WARN_UNUSED_VARIABLE = YES;
				IPHONEOS_DEPLOYMENT_TARGET = 17.4;
				LOCALIZATION_PREFERS_STRING_CATALOGS = YES;
				MTL_ENABLE_DEBUG_INFO = INCLUDE_SOURCE;
				MTL_FAST_MATH = YES;
				ONLY_ACTIVE_ARCH = YES;
				SDKROOT = iphoneos;
				SWIFT_ACTIVE_COMPILATION_CONDITIONS = "DEBUG $(inherited)";
				SWIFT_OPTIMIZATION_LEVEL = "-Onone";
			};
			name = Debug;
		};
		ADA34B892BA9328300C1D015 /* Release */ = {
			isa = XCBuildConfiguration;
			buildSettings = {
				ALWAYS_SEARCH_USER_PATHS = NO;
				ASSETCATALOG_COMPILER_GENERATE_SWIFT_ASSET_SYMBOL_EXTENSIONS = YES;
				CLANG_ANALYZER_NONNULL = YES;
				CLANG_ANALYZER_NUMBER_OBJECT_CONVERSION = YES_AGGRESSIVE;
				CLANG_CXX_LANGUAGE_STANDARD = "gnu++20";
				CLANG_ENABLE_MODULES = YES;
				CLANG_ENABLE_OBJC_ARC = YES;
				CLANG_ENABLE_OBJC_WEAK = YES;
				CLANG_WARN_BLOCK_CAPTURE_AUTORELEASING = YES;
				CLANG_WARN_BOOL_CONVERSION = YES;
				CLANG_WARN_COMMA = YES;
				CLANG_WARN_CONSTANT_CONVERSION = YES;
				CLANG_WARN_DEPRECATED_OBJC_IMPLEMENTATIONS = YES;
				CLANG_WARN_DIRECT_OBJC_ISA_USAGE = YES_ERROR;
				CLANG_WARN_DOCUMENTATION_COMMENTS = YES;
				CLANG_WARN_EMPTY_BODY = YES;
				CLANG_WARN_ENUM_CONVERSION = YES;
				CLANG_WARN_INFINITE_RECURSION = YES;
				CLANG_WARN_INT_CONVERSION = YES;
				CLANG_WARN_NON_LITERAL_NULL_CONVERSION = YES;
				CLANG_WARN_OBJC_IMPLICIT_RETAIN_SELF = YES;
				CLANG_WARN_OBJC_LITERAL_CONVERSION = YES;
				CLANG_WARN_OBJC_ROOT_CLASS = YES_ERROR;
				CLANG_WARN_QUOTED_INCLUDE_IN_FRAMEWORK_HEADER = YES;
				CLANG_WARN_RANGE_LOOP_ANALYSIS = YES;
				CLANG_WARN_STRICT_PROTOTYPES = YES;
				CLANG_WARN_SUSPICIOUS_MOVE = YES;
				CLANG_WARN_UNGUARDED_AVAILABILITY = YES_AGGRESSIVE;
				CLANG_WARN_UNREACHABLE_CODE = YES;
				CLANG_WARN__DUPLICATE_METHOD_MATCH = YES;
				COPY_PHASE_STRIP = NO;
				DEBUG_INFORMATION_FORMAT = "dwarf-with-dsym";
				ENABLE_NS_ASSERTIONS = NO;
				ENABLE_STRICT_OBJC_MSGSEND = YES;
				ENABLE_USER_SCRIPT_SANDBOXING = YES;
				GCC_C_LANGUAGE_STANDARD = gnu17;
				GCC_NO_COMMON_BLOCKS = YES;
				GCC_WARN_64_TO_32_BIT_CONVERSION = YES;
				GCC_WARN_ABOUT_RETURN_TYPE = YES_ERROR;
				GCC_WARN_UNDECLARED_SELECTOR = YES;
				GCC_WARN_UNINITIALIZED_AUTOS = YES_AGGRESSIVE;
				GCC_WARN_UNUSED_FUNCTION = YES;
				GCC_WARN_UNUSED_VARIABLE = YES;
				IPHONEOS_DEPLOYMENT_TARGET = 17.4;
				LOCALIZATION_PREFERS_STRING_CATALOGS = YES;
				MTL_ENABLE_DEBUG_INFO = NO;
				MTL_FAST_MATH = YES;
				SDKROOT = iphoneos;
				SWIFT_COMPILATION_MODE = wholemodule;
				VALIDATE_PRODUCT = YES;
			};
			name = Release;
		};
		ADA34B8B2BA9328300C1D015 /* Debug */ = {
			isa = XCBuildConfiguration;
			buildSettings = {
				ASSETCATALOG_COMPILER_APPICON_NAME = AppIcon;
				ASSETCATALOG_COMPILER_GLOBAL_ACCENT_COLOR_NAME = AccentColor;
				CODE_SIGN_STYLE = Automatic;
				CURRENT_PROJECT_VERSION = 1;
				DEVELOPMENT_ASSET_PATHS = "\"textTune/Preview Content\"";
				DEVELOPMENT_TEAM = SH5P99KVLZ;
				ENABLE_PREVIEWS = YES;
				GENERATE_INFOPLIST_FILE = YES;
				INFOPLIST_KEY_UIApplicationSceneManifest_Generation = YES;
				INFOPLIST_KEY_UIApplicationSupportsIndirectInputEvents = YES;
				INFOPLIST_KEY_UILaunchScreen_Generation = YES;
				INFOPLIST_KEY_UISupportedInterfaceOrientations_iPad = "UIInterfaceOrientationPortrait UIInterfaceOrientationPortraitUpsideDown UIInterfaceOrientationLandscapeLeft UIInterfaceOrientationLandscapeRight";
				INFOPLIST_KEY_UISupportedInterfaceOrientations_iPhone = "UIInterfaceOrientationPortrait UIInterfaceOrientationLandscapeLeft UIInterfaceOrientationLandscapeRight";
				LD_RUNPATH_SEARCH_PATHS = (
					"$(inherited)",
					"@executable_path/Frameworks",
				);
				MARKETING_VERSION = 1.0;
				PRODUCT_BUNDLE_IDENTIFIER = naka.textTune;
				PRODUCT_NAME = "$(TARGET_NAME)";
				SWIFT_EMIT_LOC_STRINGS = YES;
				SWIFT_VERSION = 5.0;
				TARGETED_DEVICE_FAMILY = "1,2";
			};
			name = Debug;
		};
		ADA34B8C2BA9328300C1D015 /* Release */ = {
			isa = XCBuildConfiguration;
			buildSettings = {
				ASSETCATALOG_COMPILER_APPICON_NAME = AppIcon;
				ASSETCATALOG_COMPILER_GLOBAL_ACCENT_COLOR_NAME = AccentColor;
				CODE_SIGN_STYLE = Automatic;
				CURRENT_PROJECT_VERSION = 1;
				DEVELOPMENT_ASSET_PATHS = "\"textTune/Preview Content\"";
				DEVELOPMENT_TEAM = SH5P99KVLZ;
				ENABLE_PREVIEWS = YES;
				GENERATE_INFOPLIST_FILE = YES;
				INFOPLIST_KEY_UIApplicationSceneManifest_Generation = YES;
				INFOPLIST_KEY_UIApplicationSupportsIndirectInputEvents = YES;
				INFOPLIST_KEY_UILaunchScreen_Generation = YES;
				INFOPLIST_KEY_UISupportedInterfaceOrientations_iPad = "UIInterfaceOrientationPortrait UIInterfaceOrientationPortraitUpsideDown UIInterfaceOrientationLandscapeLeft UIInterfaceOrientationLandscapeRight";
				INFOPLIST_KEY_UISupportedInterfaceOrientations_iPhone = "UIInterfaceOrientationPortrait UIInterfaceOrientationLandscapeLeft UIInterfaceOrientationLandscapeRight";
				LD_RUNPATH_SEARCH_PATHS = (
					"$(inherited)",
					"@executable_path/Frameworks",
				);
				MARKETING_VERSION = 1.0;
				PRODUCT_BUNDLE_IDENTIFIER = naka.textTune;
				PRODUCT_NAME = "$(TARGET_NAME)";
				SWIFT_EMIT_LOC_STRINGS = YES;
				SWIFT_VERSION = 5.0;
				TARGETED_DEVICE_FAMILY = "1,2";
			};
			name = Release;
		};
		ADA34B8E2BA9328300C1D015 /* Debug */ = {
			isa = XCBuildConfiguration;
			buildSettings = {
				ALWAYS_EMBED_SWIFT_STANDARD_LIBRARIES = YES;
				BUNDLE_LOADER = "$(TEST_HOST)";
				CODE_SIGN_STYLE = Automatic;
				CURRENT_PROJECT_VERSION = 1;
				DEVELOPMENT_TEAM = SH5P99KVLZ;
				GENERATE_INFOPLIST_FILE = YES;
				IPHONEOS_DEPLOYMENT_TARGET = 17.4;
				MARKETING_VERSION = 1.0;
				PRODUCT_BUNDLE_IDENTIFIER = naka.textTuneTests;
				PRODUCT_NAME = "$(TARGET_NAME)";
				SWIFT_EMIT_LOC_STRINGS = NO;
				SWIFT_VERSION = 5.0;
				TARGETED_DEVICE_FAMILY = "1,2";
				TEST_HOST = "$(BUILT_PRODUCTS_DIR)/textTune.app/$(BUNDLE_EXECUTABLE_FOLDER_PATH)/textTune";
			};
			name = Debug;
		};
		ADA34B8F2BA9328300C1D015 /* Release */ = {
			isa = XCBuildConfiguration;
			buildSettings = {
				ALWAYS_EMBED_SWIFT_STANDARD_LIBRARIES = YES;
				BUNDLE_LOADER = "$(TEST_HOST)";
				CODE_SIGN_STYLE = Automatic;
				CURRENT_PROJECT_VERSION = 1;
				DEVELOPMENT_TEAM = SH5P99KVLZ;
				GENERATE_INFOPLIST_FILE = YES;
				IPHONEOS_DEPLOYMENT_TARGET = 17.4;
				MARKETING_VERSION = 1.0;
				PRODUCT_BUNDLE_IDENTIFIER = naka.textTuneTests;
				PRODUCT_NAME = "$(TARGET_NAME)";
				SWIFT_EMIT_LOC_STRINGS = NO;
				SWIFT_VERSION = 5.0;
				TARGETED_DEVICE_FAMILY = "1,2";
				TEST_HOST = "$(BUILT_PRODUCTS_DIR)/textTune.app/$(BUNDLE_EXECUTABLE_FOLDER_PATH)/textTune";
			};
			name = Release;
		};
		ADA34B912BA9328300C1D015 /* Debug */ = {
			isa = XCBuildConfiguration;
			buildSettings = {
				ALWAYS_EMBED_SWIFT_STANDARD_LIBRARIES = YES;
				CODE_SIGN_STYLE = Automatic;
				CURRENT_PROJECT_VERSION = 1;
				DEVELOPMENT_TEAM = SH5P99KVLZ;
				GENERATE_INFOPLIST_FILE = YES;
				MARKETING_VERSION = 1.0;
				PRODUCT_BUNDLE_IDENTIFIER = naka.textTuneUITests;
				PRODUCT_NAME = "$(TARGET_NAME)";
				SWIFT_EMIT_LOC_STRINGS = NO;
				SWIFT_VERSION = 5.0;
				TARGETED_DEVICE_FAMILY = "1,2";
				TEST_TARGET_NAME = textTune;
			};
			name = Debug;
		};
		ADA34B922BA9328300C1D015 /* Release */ = {
			isa = XCBuildConfiguration;
			buildSettings = {
				ALWAYS_EMBED_SWIFT_STANDARD_LIBRARIES = YES;
				CODE_SIGN_STYLE = Automatic;
				CURRENT_PROJECT_VERSION = 1;
				DEVELOPMENT_TEAM = SH5P99KVLZ;
				GENERATE_INFOPLIST_FILE = YES;
				MARKETING_VERSION = 1.0;
				PRODUCT_BUNDLE_IDENTIFIER = naka.textTuneUITests;
				PRODUCT_NAME = "$(TARGET_NAME)";
				SWIFT_EMIT_LOC_STRINGS = NO;
				SWIFT_VERSION = 5.0;
				TARGETED_DEVICE_FAMILY = "1,2";
				TEST_TARGET_NAME = textTune;
			};
			name = Release;
		};
/* End XCBuildConfiguration section */

/* Begin XCConfigurationList section */
		ADA34B612BA9328100C1D015 /* Build configuration list for PBXProject "textTune" */ = {
			isa = XCConfigurationList;
			buildConfigurations = (
				ADA34B882BA9328300C1D015 /* Debug */,
				ADA34B892BA9328300C1D015 /* Release */,
			);
			defaultConfigurationIsVisible = 0;
			defaultConfigurationName = Release;
		};
		ADA34B8A2BA9328300C1D015 /* Build configuration list for PBXNativeTarget "textTune" */ = {
			isa = XCConfigurationList;
			buildConfigurations = (
				ADA34B8B2BA9328300C1D015 /* Debug */,
				ADA34B8C2BA9328300C1D015 /* Release */,
			);
			defaultConfigurationIsVisible = 0;
			defaultConfigurationName = Release;
		};
		ADA34B8D2BA9328300C1D015 /* Build configuration list for PBXNativeTarget "textTuneTests" */ = {
			isa = XCConfigurationList;
			buildConfigurations = (
				ADA34B8E2BA9328300C1D015 /* Debug */,
				ADA34B8F2BA9328300C1D015 /* Release */,
			);
			defaultConfigurationIsVisible = 0;
			defaultConfigurationName = Release;
		};
		ADA34B902BA9328300C1D015 /* Build configuration list for PBXNativeTarget "textTuneUITests" */ = {
			isa = XCConfigurationList;
			buildConfigurations = (
				ADA34B912BA9328300C1D015 /* Debug */,
				ADA34B922BA9328300C1D015 /* Release */,
			);
			defaultConfigurationIsVisible = 0;
			defaultConfigurationName = Release;
		};
/* End XCConfigurationList section */
	};
	rootObject = ADA34B5E2BA9328100C1D015 /* Project object */;
}
